github.com/wshlovercn/moda v1.0.0/go.mod h1:1FLpIDD0AluipXjFcP5+yjMYWjTRQvj880XasWk6WlY=
github.com/wshlovercn/moda v1.3.0 h1:WvEmuvzTLSWe8YxQQXXFBBKa+CCV8lO6nEKQc8VcVhI=
github.com/wshlovercn/moda v1.3.0/go.mod h1:1FLpIDD0AluipXjFcP5+yjMYWjTRQvj880XasWk6WlY=
github.com/wshlovercn/moda/v2 v2.0.0 h1:0iIt3xuw451bixRHMKelUu4g8ELGWz0ARXYfQ4Vnbr8=
github.com/wshlovercn/moda/v2 v2.0.0/go.mod h1:u7bPk50S7Q3rhx1LWxv9SXX58KiW1F3cFhGRTehHOKU=
github.com/wshlovercn/modb v1.0.0 h1:9EJ5TWSOZyybePa2sysPhh/nUImEyt1nDghBjPKIjm4=
github.com/wshlovercn/modb v1.0.0/go.mod h1:ydLfwJiXJtAvwz/8b6KHlZfsPWWaSph/xCSOx+RdsVg=
