github.com/wshlovercn/moda v1.0.0 h1:X1gV5QpEkl4/u7vuqk14wZQ6ddLbNs9rHt9/TFWEPHU=
github.com/wshlovercn/moda v1.0.0/go.mod h1:1FLpIDD0AluipXjFcP5+yjMYWjTRQvj880XasWk6WlY=
github.com/wshlovercn/moda v1.3.0 h1:WvEmuvzTLSWe8YxQQXXFBBKa+CCV8lO6nEKQc8VcVhI=
github.com/wshlovercn/moda v1.3.0/go.mod h1:1FLpIDD0AluipXjFcP5+yjMYWjTRQvj880XasWk6WlY=
github.com/wshlovercn/modb v1.0.0 h1:9EJ5TWSOZyybePa2sysPhh/nUImEyt1nDghBjPKIjm4=
github.com/wshlovercn/modb v1.0.0/go.mod h1:ydLfwJiXJtAvwz/8b6KHlZfsPWWaSph/xCSOx+RdsVg=
